
Microsoft Visual Studio Solution File, Format Version 12.00
# Visual Studio Version 17
VisualStudioVersion = 17.7.34202.233
MinimumVisualStudioVersion = 10.0.40219.1
Project("{FAE04EC0-301F-11D3-BF4B-00C04F79EFBC}") = "Hello", "Hello.csproj", "{C9ABEBED-7B3C-452C-A0F1-7617C0A13025}"
EndProject
Global
	GlobalSection(SolutionConfigurationPlatforms) = preSolution
		Debug|Any CPU = Debug|Any CPU
		Release|Any CPU = Release|Any CPU
	EndGlobalSection
	GlobalSection(ProjectConfigurationPlatforms) = postSolution
		{C9ABEBED-7B3C-452C-A0F1-7617C0A13025}.Debug|Any CPU.ActiveCfg = Debug|Any CPU
		{C9ABEBED-7B3C-452C-A0F1-7617C0A13025}.Debug|Any CPU.Build.0 = Debug|Any CPU
		{C9ABEBED-7B3C-452C-A0F1-7617C0A13025}.Release|Any CPU.ActiveCfg = Release|Any CPU
		{C9ABEBED-7B3C-452C-A0F1-7617C0A13025}.Release|Any CPU.Build.0 = Release|Any CPU
	EndGlobalSection
	GlobalSection(SolutionProperties) = preSolution
		HideSolutionNode = FALSE
	EndGlobalSection
	GlobalSection(ExtensibilityGlobals) = postSolution
		SolutionGuid = {C8EF4678-401C-4BC8-A0B8-BEEB653DE1AB}
	EndGlobalSection
EndGlobal
